{
	"name": "homebridge-awair-local",
	"version": "2.2.1",
	"lockfileVersion": 3,
	"requires": true,
	"packages": {
		"": {
			"name": "homebridge-awair-local",
			"version": "2.2.1",
			"license": "MIT",
			"dependencies": {
				"@homebridge/plugin-ui-utils": "^2.2.5"
			},
			"engines": {
				"homebridge": ">=2.0.0",
				"node": ">=22.0.0 <25"
			}
		},
		"node_modules/@homebridge/plugin-ui-utils": {
			"version": "2.2.5",
			"resolved": "https://registry.npmjs.org/@homebridge/plugin-ui-utils/-/plugin-ui-utils-2.2.5.tgz",
			"integrity": "sha512-UMF7763fCQ8HvDH/cM6u2gFoyOiEOOxdnufW2nwW6i+it0tkfOLZWvWfUZ6Oa7XsyE2qSy4Bns49dbb64WRwoA=="
		}
	}
}
